
Microsoft Visual Studio Solution File, Format Version 12.00
# Visual Studio Version 16
VisualStudioVersion = 16.0.30011.22
MinimumVisualStudioVersion = 10.0.40219.1
Project("{FAE04EC0-301F-11D3-BF4B-00C04F79EFBC}") = "ShopWebAPI", "ShopWebAPI\ShopWebAPI.csproj", "{10BEE73C-2964-4BED-BAC4-92CA284179A6}"
EndProject
Project("{FAE04EC0-301F-11D3-BF4B-00C04F79EFBC}") = "ShopBLL", "ShopBLL\ShopBLL.csproj", "{032F4EF9-34F9-4244-92CB-E27764F162AE}"
EndProject
Project("{FAE04EC0-301F-11D3-BF4B-00C04F79EFBC}") = "ShopDAL", "ShopDAL\ShopDAL.csproj", "{F1D20FC5-F98F-47D9-B678-74FF4A0455C7}"
EndProject
Global
	GlobalSection(SolutionConfigurationPlatforms) = preSolution
		Debug|Any CPU = Debug|Any CPU
		Release|Any CPU = Release|Any CPU
	EndGlobalSection
	GlobalSection(ProjectConfigurationPlatforms) = postSolution
		{10BEE73C-2964-4BED-BAC4-92CA284179A6}.Debug|Any CPU.ActiveCfg = Debug|Any CPU
		{10BEE73C-2964-4BED-BAC4-92CA284179A6}.Debug|Any CPU.Build.0 = Debug|Any CPU
		{10BEE73C-2964-4BED-BAC4-92CA284179A6}.Release|Any CPU.ActiveCfg = Release|Any CPU
		{10BEE73C-2964-4BED-BAC4-92CA284179A6}.Release|Any CPU.Build.0 = Release|Any CPU
		{032F4EF9-34F9-4244-92CB-E27764F162AE}.Debug|Any CPU.ActiveCfg = Debug|Any CPU
		{032F4EF9-34F9-4244-92CB-E27764F162AE}.Debug|Any CPU.Build.0 = Debug|Any CPU
		{032F4EF9-34F9-4244-92CB-E27764F162AE}.Release|Any CPU.ActiveCfg = Release|Any CPU
		{032F4EF9-34F9-4244-92CB-E27764F162AE}.Release|Any CPU.Build.0 = Release|Any CPU
		{F1D20FC5-F98F-47D9-B678-74FF4A0455C7}.Debug|Any CPU.ActiveCfg = Debug|Any CPU
		{F1D20FC5-F98F-47D9-B678-74FF4A0455C7}.Debug|Any CPU.Build.0 = Debug|Any CPU
		{F1D20FC5-F98F-47D9-B678-74FF4A0455C7}.Release|Any CPU.ActiveCfg = Release|Any CPU
		{F1D20FC5-F98F-47D9-B678-74FF4A0455C7}.Release|Any CPU.Build.0 = Release|Any CPU
	EndGlobalSection
	GlobalSection(SolutionProperties) = preSolution
		HideSolutionNode = FALSE
	EndGlobalSection
	GlobalSection(ExtensibilityGlobals) = postSolution
		SolutionGuid = {C9EEC678-1210-4B02-85F3-EF3017EA71A3}
	EndGlobalSection
EndGlobal
