
Microsoft Visual Studio Solution File, Format Version 12.00
# Visual Studio Version 16
VisualStudioVersion = 16.0.30011.22
MinimumVisualStudioVersion = 10.0.40219.1
Project("{FAE04EC0-301F-11D3-BF4B-00C04F79EFBC}") = "ShopWebAPI", "ShopWebAPI\ShopWebAPI.csproj", "{10BEE73C-2964-4BED-BAC4-92CA284179A6}"
EndProject
Project("{FAE04EC0-301F-11D3-BF4B-00C04F79EFBC}") = "ShopDAL", "ShopDAL\ShopDAL.csproj", "{E1E5476E-4E87-44FE-8141-0D116AE88306}"
EndProject
Project("{FAE04EC0-301F-11D3-BF4B-00C04F79EFBC}") = "ShopBLL", "ShopBLL\ShopBLL.csproj", "{1308FE32-8B9E-41D2-BFEC-EFFA16912A29}"
EndProject
Global
	GlobalSection(SolutionConfigurationPlatforms) = preSolution
		Debug|Any CPU = Debug|Any CPU
		Debug|ARM = Debug|ARM
		Debug|ARM64 = Debug|ARM64
		Debug|x64 = Debug|x64
		Debug|x86 = Debug|x86
		Release|Any CPU = Release|Any CPU
		Release|ARM = Release|ARM
		Release|ARM64 = Release|ARM64
		Release|x64 = Release|x64
		Release|x86 = Release|x86
	EndGlobalSection
	GlobalSection(ProjectConfigurationPlatforms) = postSolution
		{10BEE73C-2964-4BED-BAC4-92CA284179A6}.Debug|Any CPU.ActiveCfg = Debug|Any CPU
		{10BEE73C-2964-4BED-BAC4-92CA284179A6}.Debug|Any CPU.Build.0 = Debug|Any CPU
		{10BEE73C-2964-4BED-BAC4-92CA284179A6}.Debug|ARM.ActiveCfg = Debug|Any CPU
		{10BEE73C-2964-4BED-BAC4-92CA284179A6}.Debug|ARM.Build.0 = Debug|Any CPU
		{10BEE73C-2964-4BED-BAC4-92CA284179A6}.Debug|ARM64.ActiveCfg = Debug|Any CPU
		{10BEE73C-2964-4BED-BAC4-92CA284179A6}.Debug|ARM64.Build.0 = Debug|Any CPU
		{10BEE73C-2964-4BED-BAC4-92CA284179A6}.Debug|x64.ActiveCfg = Debug|Any CPU
		{10BEE73C-2964-4BED-BAC4-92CA284179A6}.Debug|x64.Build.0 = Debug|Any CPU
		{10BEE73C-2964-4BED-BAC4-92CA284179A6}.Debug|x86.ActiveCfg = Debug|Any CPU
		{10BEE73C-2964-4BED-BAC4-92CA284179A6}.Debug|x86.Build.0 = Debug|Any CPU
		{10BEE73C-2964-4BED-BAC4-92CA284179A6}.Release|Any CPU.ActiveCfg = Release|Any CPU
		{10BEE73C-2964-4BED-BAC4-92CA284179A6}.Release|Any CPU.Build.0 = Release|Any CPU
		{10BEE73C-2964-4BED-BAC4-92CA284179A6}.Release|ARM.ActiveCfg = Release|Any CPU
		{10BEE73C-2964-4BED-BAC4-92CA284179A6}.Release|ARM.Build.0 = Release|Any CPU
		{10BEE73C-2964-4BED-BAC4-92CA284179A6}.Release|ARM64.ActiveCfg = Release|Any CPU
		{10BEE73C-2964-4BED-BAC4-92CA284179A6}.Release|ARM64.Build.0 = Release|Any CPU
		{10BEE73C-2964-4BED-BAC4-92CA284179A6}.Release|x64.ActiveCfg = Release|Any CPU
		{10BEE73C-2964-4BED-BAC4-92CA284179A6}.Release|x64.Build.0 = Release|Any CPU
		{10BEE73C-2964-4BED-BAC4-92CA284179A6}.Release|x86.ActiveCfg = Release|Any CPU
		{10BEE73C-2964-4BED-BAC4-92CA284179A6}.Release|x86.Build.0 = Release|Any CPU
		{E1E5476E-4E87-44FE-8141-0D116AE88306}.Debug|Any CPU.ActiveCfg = Debug|Any CPU
		{E1E5476E-4E87-44FE-8141-0D116AE88306}.Debug|Any CPU.Build.0 = Debug|Any CPU
		{E1E5476E-4E87-44FE-8141-0D116AE88306}.Debug|ARM.ActiveCfg = Debug|Any CPU
		{E1E5476E-4E87-44FE-8141-0D116AE88306}.Debug|ARM.Build.0 = Debug|Any CPU
		{E1E5476E-4E87-44FE-8141-0D116AE88306}.Debug|ARM64.ActiveCfg = Debug|Any CPU
		{E1E5476E-4E87-44FE-8141-0D116AE88306}.Debug|ARM64.Build.0 = Debug|Any CPU
		{E1E5476E-4E87-44FE-8141-0D116AE88306}.Debug|x64.ActiveCfg = Debug|Any CPU
		{E1E5476E-4E87-44FE-8141-0D116AE88306}.Debug|x64.Build.0 = Debug|Any CPU
		{E1E5476E-4E87-44FE-8141-0D116AE88306}.Debug|x86.ActiveCfg = Debug|Any CPU
		{E1E5476E-4E87-44FE-8141-0D116AE88306}.Debug|x86.Build.0 = Debug|Any CPU
		{E1E5476E-4E87-44FE-8141-0D116AE88306}.Release|Any CPU.ActiveCfg = Release|Any CPU
		{E1E5476E-4E87-44FE-8141-0D116AE88306}.Release|Any CPU.Build.0 = Release|Any CPU
		{E1E5476E-4E87-44FE-8141-0D116AE88306}.Release|ARM.ActiveCfg = Release|Any CPU
		{E1E5476E-4E87-44FE-8141-0D116AE88306}.Release|ARM.Build.0 = Release|Any CPU
		{E1E5476E-4E87-44FE-8141-0D116AE88306}.Release|ARM64.ActiveCfg = Release|Any CPU
		{E1E5476E-4E87-44FE-8141-0D116AE88306}.Release|ARM64.Build.0 = Release|Any CPU
		{E1E5476E-4E87-44FE-8141-0D116AE88306}.Release|x64.ActiveCfg = Release|Any CPU
		{E1E5476E-4E87-44FE-8141-0D116AE88306}.Release|x64.Build.0 = Release|Any CPU
		{E1E5476E-4E87-44FE-8141-0D116AE88306}.Release|x86.ActiveCfg = Release|Any CPU
		{E1E5476E-4E87-44FE-8141-0D116AE88306}.Release|x86.Build.0 = Release|Any CPU
		{1308FE32-8B9E-41D2-BFEC-EFFA16912A29}.Debug|Any CPU.ActiveCfg = Debug|Any CPU
		{1308FE32-8B9E-41D2-BFEC-EFFA16912A29}.Debug|Any CPU.Build.0 = Debug|Any CPU
		{1308FE32-8B9E-41D2-BFEC-EFFA16912A29}.Debug|ARM.ActiveCfg = Debug|Any CPU
		{1308FE32-8B9E-41D2-BFEC-EFFA16912A29}.Debug|ARM.Build.0 = Debug|Any CPU
		{1308FE32-8B9E-41D2-BFEC-EFFA16912A29}.Debug|ARM64.ActiveCfg = Debug|Any CPU
		{1308FE32-8B9E-41D2-BFEC-EFFA16912A29}.Debug|ARM64.Build.0 = Debug|Any CPU
		{1308FE32-8B9E-41D2-BFEC-EFFA16912A29}.Debug|x64.ActiveCfg = Debug|Any CPU
		{1308FE32-8B9E-41D2-BFEC-EFFA16912A29}.Debug|x64.Build.0 = Debug|Any CPU
		{1308FE32-8B9E-41D2-BFEC-EFFA16912A29}.Debug|x86.ActiveCfg = Debug|Any CPU
		{1308FE32-8B9E-41D2-BFEC-EFFA16912A29}.Debug|x86.Build.0 = Debug|Any CPU
		{1308FE32-8B9E-41D2-BFEC-EFFA16912A29}.Release|Any CPU.ActiveCfg = Release|Any CPU
		{1308FE32-8B9E-41D2-BFEC-EFFA16912A29}.Release|Any CPU.Build.0 = Release|Any CPU
		{1308FE32-8B9E-41D2-BFEC-EFFA16912A29}.Release|ARM.ActiveCfg = Release|Any CPU
		{1308FE32-8B9E-41D2-BFEC-EFFA16912A29}.Release|ARM.Build.0 = Release|Any CPU
		{1308FE32-8B9E-41D2-BFEC-EFFA16912A29}.Release|ARM64.ActiveCfg = Release|Any CPU
		{1308FE32-8B9E-41D2-BFEC-EFFA16912A29}.Release|ARM64.Build.0 = Release|Any CPU
		{1308FE32-8B9E-41D2-BFEC-EFFA16912A29}.Release|x64.ActiveCfg = Release|Any CPU
		{1308FE32-8B9E-41D2-BFEC-EFFA16912A29}.Release|x64.Build.0 = Release|Any CPU
		{1308FE32-8B9E-41D2-BFEC-EFFA16912A29}.Release|x86.ActiveCfg = Release|Any CPU
		{1308FE32-8B9E-41D2-BFEC-EFFA16912A29}.Release|x86.Build.0 = Release|Any CPU
	EndGlobalSection
	GlobalSection(SolutionProperties) = preSolution
		HideSolutionNode = FALSE
	EndGlobalSection
	GlobalSection(ExtensibilityGlobals) = postSolution
		SolutionGuid = {C9EEC678-1210-4B02-85F3-EF3017EA71A3}
	EndGlobalSection
EndGlobal
